// !$*UTF8*$!
{
	archiveVersion = 1;
	classes = {
	};
	objectVersion = 56;
	objects = {

/* Begin PBXBuildFile section */
		230DED04295A383C001F4D84 /* AppDelegate.swift in Sources */ = {isa = PBXBuildFile; fileRef = 230DED03295A383C001F4D84 /* AppDelegate.swift */; };
		230DED06295A383C001F4D84 /* SceneDelegate.swift in Sources */ = {isa = PBXBuildFile; fileRef = 230DED05295A383C001F4D84 /* SceneDelegate.swift */; };
		230DED08295A383C001F4D84 /* StateViewController.swift in Sources */ = {isa = PBXBuildFile; fileRef = 230DED07295A383C001F4D84 /* StateViewController.swift */; };
		230DED0B295A383C001F4D84 /* Main.storyboard in Resources */ = {isa = PBXBuildFile; fileRef = 230DED09295A383C001F4D84 /* Main.storyboard */; };
		230DED0D295A383E001F4D84 /* Assets.xcassets in Resources */ = {isa = PBXBuildFile; fileRef = 230DED0C295A383E001F4D84 /* Assets.xcassets */; };
		230DED10295A383E001F4D84 /* LaunchScreen.storyboard in Resources */ = {isa = PBXBuildFile; fileRef = 230DED0E295A383E001F4D84 /* LaunchScreen.storyboard */; };
		23567CB4295B8D3C00F6C3D4 /* SettingsViewController.swift in Sources */ = {isa = PBXBuildFile; fileRef = 23567CB3295B8D3C00F6C3D4 /* SettingsViewController.swift */; };
		23567CB6295B8D6100F6C3D4 /* AppConstants.swift in Sources */ = {isa = PBXBuildFile; fileRef = 23567CB5295B8D6100F6C3D4 /* AppConstants.swift */; };
		23BB19DF2964C86F00BCF586 /* SettingsView.swift in Sources */ = {isa = PBXBuildFile; fileRef = 23BB19DE2964C86F00BCF586 /* SettingsView.swift */; };
		23BB19E12964C87A00BCF586 /* SettingsView.xib in Resources */ = {isa = PBXBuildFile; fileRef = 23BB19E02964C87A00BCF586 /* SettingsView.xib */; };
		23CE17DD295CDCB400CF261F /* SettingsCollectionViewCell.swift in Sources */ = {isa = PBXBuildFile; fileRef = 23CE17DB295CDCB400CF261F /* SettingsCollectionViewCell.swift */; };
		23CE17DE295CDCB400CF261F /* SettingsCollectionViewCell.xib in Resources */ = {isa = PBXBuildFile; fileRef = 23CE17DC295CDCB400CF261F /* SettingsCollectionViewCell.xib */; };
		23CE17E0295CEA6F00CF261F /* ItemState.swift in Sources */ = {isa = PBXBuildFile; fileRef = 23CE17DF295CEA6F00CF261F /* ItemState.swift */; };
		23CE17E2295CEB7400CF261F /* SettingsViewControllerConfiguration.swift in Sources */ = {isa = PBXBuildFile; fileRef = 23CE17E1295CEB7400CF261F /* SettingsViewControllerConfiguration.swift */; };
		23CE17E5295CEF0700CF261F /* SettingsTableViewCell.swift in Sources */ = {isa = PBXBuildFile; fileRef = 23CE17E3295CEF0700CF261F /* SettingsTableViewCell.swift */; };
		23CE17E6295CEF0700CF261F /* SettingsTableViewCell.xib in Resources */ = {isa = PBXBuildFile; fileRef = 23CE17E4295CEF0700CF261F /* SettingsTableViewCell.xib */; };
/* End PBXBuildFile section */

/* Begin PBXFileReference section */
		230DED00295A383C001F4D84 /* Delegate Task Four.app */ = {isa = PBXFileReference; explicitFileType = wrapper.application; includeInIndex = 0; path = "Delegate Task Four.app"; sourceTree = BUILT_PRODUCTS_DIR; };
		230DED03295A383C001F4D84 /* AppDelegate.swift */ = {isa = PBXFileReference; lastKnownFileType = sourcecode.swift; path = AppDelegate.swift; sourceTree = "<group>"; };
		230DED05295A383C001F4D84 /* SceneDelegate.swift */ = {isa = PBXFileReference; lastKnownFileType = sourcecode.swift; path = SceneDelegate.swift; sourceTree = "<group>"; };
		230DED07295A383C001F4D84 /* StateViewController.swift */ = {isa = PBXFileReference; lastKnownFileType = sourcecode.swift; path = StateViewController.swift; sourceTree = "<group>"; };
		230DED0A295A383C001F4D84 /* Base */ = {isa = PBXFileReference; lastKnownFileType = file.storyboard; name = Base; path = Base.lproj/Main.storyboard; sourceTree = "<group>"; };
		230DED0C295A383E001F4D84 /* Assets.xcassets */ = {isa = PBXFileReference; lastKnownFileType = folder.assetcatalog; path = Assets.xcassets; sourceTree = "<group>"; };
		230DED0F295A383E001F4D84 /* Base */ = {isa = PBXFileReference; lastKnownFileType = file.storyboard; name = Base; path = Base.lproj/LaunchScreen.storyboard; sourceTree = "<group>"; };
		230DED11295A383E001F4D84 /* Info.plist */ = {isa = PBXFileReference; lastKnownFileType = text.plist.xml; path = Info.plist; sourceTree = "<group>"; };
		23567CB3295B8D3C00F6C3D4 /* SettingsViewController.swift */ = {isa = PBXFileReference; lastKnownFileType = sourcecode.swift; path = SettingsViewController.swift; sourceTree = "<group>"; };
		23567CB5295B8D6100F6C3D4 /* AppConstants.swift */ = {isa = PBXFileReference; lastKnownFileType = sourcecode.swift; path = AppConstants.swift; sourceTree = "<group>"; };
		23BB19DE2964C86F00BCF586 /* SettingsView.swift */ = {isa = PBXFileReference; lastKnownFileType = sourcecode.swift; path = SettingsView.swift; sourceTree = "<group>"; };
		23BB19E02964C87A00BCF586 /* SettingsView.xib */ = {isa = PBXFileReference; lastKnownFileType = file.xib; path = SettingsView.xib; sourceTree = "<group>"; };
		23CE17DB295CDCB400CF261F /* SettingsCollectionViewCell.swift */ = {isa = PBXFileReference; lastKnownFileType = sourcecode.swift; path = SettingsCollectionViewCell.swift; sourceTree = "<group>"; };
		23CE17DC295CDCB400CF261F /* SettingsCollectionViewCell.xib */ = {isa = PBXFileReference; lastKnownFileType = file.xib; path = SettingsCollectionViewCell.xib; sourceTree = "<group>"; };
		23CE17DF295CEA6F00CF261F /* ItemState.swift */ = {isa = PBXFileReference; lastKnownFileType = sourcecode.swift; path = ItemState.swift; sourceTree = "<group>"; };
		23CE17E1295CEB7400CF261F /* SettingsViewControllerConfiguration.swift */ = {isa = PBXFileReference; lastKnownFileType = sourcecode.swift; path = SettingsViewControllerConfiguration.swift; sourceTree = "<group>"; };
		23CE17E3295CEF0700CF261F /* SettingsTableViewCell.swift */ = {isa = PBXFileReference; lastKnownFileType = sourcecode.swift; path = SettingsTableViewCell.swift; sourceTree = "<group>"; };
		23CE17E4295CEF0700CF261F /* SettingsTableViewCell.xib */ = {isa = PBXFileReference; lastKnownFileType = file.xib; path = SettingsTableViewCell.xib; sourceTree = "<group>"; };
/* End PBXFileReference section */

/* Begin PBXFrameworksBuildPhase section */
		230DECFD295A383C001F4D84 /* Frameworks */ = {
			isa = PBXFrameworksBuildPhase;
			buildActionMask = 2147483647;
			files = (
			);
			runOnlyForDeploymentPostprocessing = 0;
		};
/* End PBXFrameworksBuildPhase section */

/* Begin PBXGroup section */
		230DECF7295A383C001F4D84 = {
			isa = PBXGroup;
			children = (
				230DED02295A383C001F4D84 /* Delegate Task Four */,
				230DED01295A383C001F4D84 /* Products */,
			);
			sourceTree = "<group>";
		};
		230DED01295A383C001F4D84 /* Products */ = {
			isa = PBXGroup;
			children = (
				230DED00295A383C001F4D84 /* Delegate Task Four.app */,
			);
			name = Products;
			sourceTree = "<group>";
		};
		230DED02295A383C001F4D84 /* Delegate Task Four */ = {
			isa = PBXGroup;
			children = (
				230DED03295A383C001F4D84 /* AppDelegate.swift */,
				230DED05295A383C001F4D84 /* SceneDelegate.swift */,
				230DED07295A383C001F4D84 /* StateViewController.swift */,
				23567CB3295B8D3C00F6C3D4 /* SettingsViewController.swift */,
				23CE17DB295CDCB400CF261F /* SettingsCollectionViewCell.swift */,
				23CE17DF295CEA6F00CF261F /* ItemState.swift */,
				23CE17E1295CEB7400CF261F /* SettingsViewControllerConfiguration.swift */,
				23BB19DE2964C86F00BCF586 /* SettingsView.swift */,
				23BB19E02964C87A00BCF586 /* SettingsView.xib */,
				23CE17E3295CEF0700CF261F /* SettingsTableViewCell.swift */,
				23CE17E4295CEF0700CF261F /* SettingsTableViewCell.xib */,
				23CE17DC295CDCB400CF261F /* SettingsCollectionViewCell.xib */,
				23567CB5295B8D6100F6C3D4 /* AppConstants.swift */,
				230DED0C295A383E001F4D84 /* Assets.xcassets */,
				23567CB9295BB50300F6C3D4 /* View */,
				230DED11295A383E001F4D84 /* Info.plist */,
			);
			path = "Delegate Task Four";
			sourceTree = "<group>";
		};
		23567CB9295BB50300F6C3D4 /* View */ = {
			isa = PBXGroup;
			children = (
				230DED09295A383C001F4D84 /* Main.storyboard */,
				230DED0E295A383E001F4D84 /* LaunchScreen.storyboard */,
			);
			path = View;
			sourceTree = "<group>";
		};
/* End PBXGroup section */

/* Begin PBXNativeTarget section */
		230DECFF295A383C001F4D84 /* Delegate Task Four */ = {
			isa = PBXNativeTarget;
			buildConfigurationList = 230DED14295A383E001F4D84 /* Build configuration list for PBXNativeTarget "Delegate Task Four" */;
			buildPhases = (
				230DECFC295A383C001F4D84 /* Sources */,
				230DECFD295A383C001F4D84 /* Frameworks */,
				230DECFE295A383C001F4D84 /* Resources */,
			);
			buildRules = (
			);
			dependencies = (
			);
			name = "Delegate Task Four";
			productName = "Delegate Task Four";
			productReference = 230DED00295A383C001F4D84 /* Delegate Task Four.app */;
			productType = "com.apple.product-type.application";
		};
/* End PBXNativeTarget section */

/* Begin PBXProject section */
		230DECF8295A383C001F4D84 /* Project object */ = {
			isa = PBXProject;
			attributes = {
				BuildIndependentTargetsInParallel = 1;
				LastSwiftUpdateCheck = 1420;
				LastUpgradeCheck = 1420;
				TargetAttributes = {
					230DECFF295A383C001F4D84 = {
						CreatedOnToolsVersion = 14.2;
					};
				};
			};
			buildConfigurationList = 230DECFB295A383C001F4D84 /* Build configuration list for PBXProject "Delegate Task Four" */;
			compatibilityVersion = "Xcode 14.0";
			developmentRegion = en;
			hasScannedForEncodings = 0;
			knownRegions = (
				en,
				Base,
			);
			mainGroup = 230DECF7295A383C001F4D84;
			productRefGroup = 230DED01295A383C001F4D84 /* Products */;
			projectDirPath = "";
			projectRoot = "";
			targets = (
				230DECFF295A383C001F4D84 /* Delegate Task Four */,
			);
		};
/* End PBXProject section */

/* Begin PBXResourcesBuildPhase section */
		230DECFE295A383C001F4D84 /* Resources */ = {
			isa = PBXResourcesBuildPhase;
			buildActionMask = 2147483647;
			files = (
				230DED10295A383E001F4D84 /* LaunchScreen.storyboard in Resources */,
				230DED0D295A383E001F4D84 /* Assets.xcassets in Resources */,
				230DED0B295A383C001F4D84 /* Main.storyboard in Resources */,
				23BB19E12964C87A00BCF586 /* SettingsView.xib in Resources */,
				23CE17E6295CEF0700CF261F /* SettingsTableViewCell.xib in Resources */,
				23CE17DE295CDCB400CF261F /* SettingsCollectionViewCell.xib in Resources */,
			);
			runOnlyForDeploymentPostprocessing = 0;
		};
/* End PBXResourcesBuildPhase section */

/* Begin PBXSourcesBuildPhase section */
		230DECFC295A383C001F4D84 /* Sources */ = {
			isa = PBXSourcesBuildPhase;
			buildActionMask = 2147483647;
			files = (
				23CE17E0295CEA6F00CF261F /* ItemState.swift in Sources */,
				23CE17DD295CDCB400CF261F /* SettingsCollectionViewCell.swift in Sources */,
				23CE17E5295CEF0700CF261F /* SettingsTableViewCell.swift in Sources */,
				230DED08295A383C001F4D84 /* StateViewController.swift in Sources */,
				23567CB4295B8D3C00F6C3D4 /* SettingsViewController.swift in Sources */,
				23BB19DF2964C86F00BCF586 /* SettingsView.swift in Sources */,
				23CE17E2295CEB7400CF261F /* SettingsViewControllerConfiguration.swift in Sources */,
				230DED04295A383C001F4D84 /* AppDelegate.swift in Sources */,
				230DED06295A383C001F4D84 /* SceneDelegate.swift in Sources */,
				23567CB6295B8D6100F6C3D4 /* AppConstants.swift in Sources */,
			);
			runOnlyForDeploymentPostprocessing = 0;
		};
/* End PBXSourcesBuildPhase section */

/* Begin PBXVariantGroup section */
		230DED09295A383C001F4D84 /* Main.storyboard */ = {
			isa = PBXVariantGroup;
			children = (
				230DED0A295A383C001F4D84 /* Base */,
			);
			name = Main.storyboard;
			sourceTree = "<group>";
		};
		230DED0E295A383E001F4D84 /* LaunchScreen.storyboard */ = {
			isa = PBXVariantGroup;
			children = (
				230DED0F295A383E001F4D84 /* Base */,
			);
			name = LaunchScreen.storyboard;
			sourceTree = "<group>";
		};
/* End PBXVariantGroup section */

/* Begin XCBuildConfiguration section */
		230DED12295A383E001F4D84 /* Debug */ = {
			isa = XCBuildConfiguration;
			buildSettings = {
				ALWAYS_SEARCH_USER_PATHS = NO;
				CLANG_ANALYZER_NONNULL = YES;
				CLANG_ANALYZER_NUMBER_OBJECT_CONVERSION = YES_AGGRESSIVE;
				CLANG_CXX_LANGUAGE_STANDARD = "gnu++20";
				CLANG_ENABLE_MODULES = YES;
				CLANG_ENABLE_OBJC_ARC = YES;
				CLANG_ENABLE_OBJC_WEAK = YES;
				CLANG_WARN_BLOCK_CAPTURE_AUTORELEASING = YES;
				CLANG_WARN_BOOL_CONVERSION = YES;
				CLANG_WARN_COMMA = YES;
				CLANG_WARN_CONSTANT_CONVERSION = YES;
				CLANG_WARN_DEPRECATED_OBJC_IMPLEMENTATIONS = YES;
				CLANG_WARN_DIRECT_OBJC_ISA_USAGE = YES_ERROR;
				CLANG_WARN_DOCUMENTATION_COMMENTS = YES;
				CLANG_WARN_EMPTY_BODY = YES;
				CLANG_WARN_ENUM_CONVERSION = YES;
				CLANG_WARN_INFINITE_RECURSION = YES;
				CLANG_WARN_INT_CONVERSION = YES;
				CLANG_WARN_NON_LITERAL_NULL_CONVERSION = YES;
				CLANG_WARN_OBJC_IMPLICIT_RETAIN_SELF = YES;
				CLANG_WARN_OBJC_LITERAL_CONVERSION = YES;
				CLANG_WARN_OBJC_ROOT_CLASS = YES_ERROR;
				CLANG_WARN_QUOTED_INCLUDE_IN_FRAMEWORK_HEADER = YES;
				CLANG_WARN_RANGE_LOOP_ANALYSIS = YES;
				CLANG_WARN_STRICT_PROTOTYPES = YES;
				CLANG_WARN_SUSPICIOUS_MOVE = YES;
				CLANG_WARN_UNGUARDED_AVAILABILITY = YES_AGGRESSIVE;
				CLANG_WARN_UNREACHABLE_CODE = YES;
				CLANG_WARN__DUPLICATE_METHOD_MATCH = YES;
				COPY_PHASE_STRIP = NO;
				DEBUG_INFORMATION_FORMAT = dwarf;
				ENABLE_STRICT_OBJC_MSGSEND = YES;
				ENABLE_TESTABILITY = YES;
				GCC_C_LANGUAGE_STANDARD = gnu11;
				GCC_DYNAMIC_NO_PIC = NO;
				GCC_NO_COMMON_BLOCKS = YES;
				GCC_OPTIMIZATION_LEVEL = 0;
				GCC_PREPROCESSOR_DEFINITIONS = (
					"DEBUG=1",
					"$(inherited)",
				);
				GCC_WARN_64_TO_32_BIT_CONVERSION = YES;
				GCC_WARN_ABOUT_RETURN_TYPE = YES_ERROR;
				GCC_WARN_UNDECLARED_SELECTOR = YES;
				GCC_WARN_UNINITIALIZED_AUTOS = YES_AGGRESSIVE;
				GCC_WARN_UNUSED_FUNCTION = YES;
				GCC_WARN_UNUSED_VARIABLE = YES;
				IPHONEOS_DEPLOYMENT_TARGET = 16.2;
				MTL_ENABLE_DEBUG_INFO = INCLUDE_SOURCE;
				MTL_FAST_MATH = YES;
				ONLY_ACTIVE_ARCH = YES;
				SDKROOT = iphoneos;
				SWIFT_ACTIVE_COMPILATION_CONDITIONS = DEBUG;
				SWIFT_OPTIMIZATION_LEVEL = "-Onone";
			};
			name = Debug;
		};
		230DED13295A383E001F4D84 /* Release */ = {
			isa = XCBuildConfiguration;
			buildSettings = {
				ALWAYS_SEARCH_USER_PATHS = NO;
				CLANG_ANALYZER_NONNULL = YES;
				CLANG_ANALYZER_NUMBER_OBJECT_CONVERSION = YES_AGGRESSIVE;
				CLANG_CXX_LANGUAGE_STANDARD = "gnu++20";
				CLANG_ENABLE_MODULES = YES;
				CLANG_ENABLE_OBJC_ARC = YES;
				CLANG_ENABLE_OBJC_WEAK = YES;
				CLANG_WARN_BLOCK_CAPTURE_AUTORELEASING = YES;
				CLANG_WARN_BOOL_CONVERSION = YES;
				CLANG_WARN_COMMA = YES;
				CLANG_WARN_CONSTANT_CONVERSION = YES;
				CLANG_WARN_DEPRECATED_OBJC_IMPLEMENTATIONS = YES;
				CLANG_WARN_DIRECT_OBJC_ISA_USAGE = YES_ERROR;
				CLANG_WARN_DOCUMENTATION_COMMENTS = YES;
				CLANG_WARN_EMPTY_BODY = YES;
				CLANG_WARN_ENUM_CONVERSION = YES;
				CLANG_WARN_INFINITE_RECURSION = YES;
				CLANG_WARN_INT_CONVERSION = YES;
				CLANG_WARN_NON_LITERAL_NULL_CONVERSION = YES;
				CLANG_WARN_OBJC_IMPLICIT_RETAIN_SELF = YES;
				CLANG_WARN_OBJC_LITERAL_CONVERSION = YES;
				CLANG_WARN_OBJC_ROOT_CLASS = YES_ERROR;
				CLANG_WARN_QUOTED_INCLUDE_IN_FRAMEWORK_HEADER = YES;
				CLANG_WARN_RANGE_LOOP_ANALYSIS = YES;
				CLANG_WARN_STRICT_PROTOTYPES = YES;
				CLANG_WARN_SUSPICIOUS_MOVE = YES;
				CLANG_WARN_UNGUARDED_AVAILABILITY = YES_AGGRESSIVE;
				CLANG_WARN_UNREACHABLE_CODE = YES;
				CLANG_WARN__DUPLICATE_METHOD_MATCH = YES;
				COPY_PHASE_STRIP = NO;
				DEBUG_INFORMATION_FORMAT = "dwarf-with-dsym";
				ENABLE_NS_ASSERTIONS = NO;
				ENABLE_STRICT_OBJC_MSGSEND = YES;
				GCC_C_LANGUAGE_STANDARD = gnu11;
				GCC_NO_COMMON_BLOCKS = YES;
				GCC_WARN_64_TO_32_BIT_CONVERSION = YES;
				GCC_WARN_ABOUT_RETURN_TYPE = YES_ERROR;
				GCC_WARN_UNDECLARED_SELECTOR = YES;
				GCC_WARN_UNINITIALIZED_AUTOS = YES_AGGRESSIVE;
				GCC_WARN_UNUSED_FUNCTION = YES;
				GCC_WARN_UNUSED_VARIABLE = YES;
				IPHONEOS_DEPLOYMENT_TARGET = 16.2;
				MTL_ENABLE_DEBUG_INFO = NO;
				MTL_FAST_MATH = YES;
				SDKROOT = iphoneos;
				SWIFT_COMPILATION_MODE = wholemodule;
				SWIFT_OPTIMIZATION_LEVEL = "-O";
				VALIDATE_PRODUCT = YES;
			};
			name = Release;
		};
		230DED15295A383E001F4D84 /* Debug */ = {
			isa = XCBuildConfiguration;
			buildSettings = {
				ASSETCATALOG_COMPILER_APPICON_NAME = AppIcon;
				ASSETCATALOG_COMPILER_GLOBAL_ACCENT_COLOR_NAME = AccentColor;
				CODE_SIGN_STYLE = Automatic;
				CURRENT_PROJECT_VERSION = 1;
				DEVELOPMENT_TEAM = 75DSYQ758V;
				GENERATE_INFOPLIST_FILE = YES;
				INFOPLIST_FILE = "Delegate Task Four/Info.plist";
				INFOPLIST_KEY_UIApplicationSupportsIndirectInputEvents = YES;
				INFOPLIST_KEY_UILaunchStoryboardName = LaunchScreen;
				INFOPLIST_KEY_UIMainStoryboardFile = Main;
				INFOPLIST_KEY_UISupportedInterfaceOrientations_iPad = "UIInterfaceOrientationPortrait UIInterfaceOrientationPortraitUpsideDown UIInterfaceOrientationLandscapeLeft UIInterfaceOrientationLandscapeRight";
				INFOPLIST_KEY_UISupportedInterfaceOrientations_iPhone = "UIInterfaceOrientationPortrait UIInterfaceOrientationLandscapeLeft UIInterfaceOrientationLandscapeRight";
				LD_RUNPATH_SEARCH_PATHS = (
					"$(inherited)",
					"@executable_path/Frameworks",
				);
				MARKETING_VERSION = 1.0;
				PRODUCT_BUNDLE_IDENTIFIER = "com.ivanbehichev.Delegate-Task-Four";
				PRODUCT_NAME = "$(TARGET_NAME)";
				SWIFT_EMIT_LOC_STRINGS = YES;
				SWIFT_VERSION = 5.0;
				TARGETED_DEVICE_FAMILY = "1,2";
			};
			name = Debug;
		};
		230DED16295A383E001F4D84 /* Release */ = {
			isa = XCBuildConfiguration;
			buildSettings = {
				ASSETCATALOG_COMPILER_APPICON_NAME = AppIcon;
				ASSETCATALOG_COMPILER_GLOBAL_ACCENT_COLOR_NAME = AccentColor;
				CODE_SIGN_STYLE = Automatic;
				CURRENT_PROJECT_VERSION = 1;
				DEVELOPMENT_TEAM = 75DSYQ758V;
				GENERATE_INFOPLIST_FILE = YES;
				INFOPLIST_FILE = "Delegate Task Four/Info.plist";
				INFOPLIST_KEY_UIApplicationSupportsIndirectInputEvents = YES;
				INFOPLIST_KEY_UILaunchStoryboardName = LaunchScreen;
				INFOPLIST_KEY_UIMainStoryboardFile = Main;
				INFOPLIST_KEY_UISupportedInterfaceOrientations_iPad = "UIInterfaceOrientationPortrait UIInterfaceOrientationPortraitUpsideDown UIInterfaceOrientationLandscapeLeft UIInterfaceOrientationLandscapeRight";
				INFOPLIST_KEY_UISupportedInterfaceOrientations_iPhone = "UIInterfaceOrientationPortrait UIInterfaceOrientationLandscapeLeft UIInterfaceOrientationLandscapeRight";
				LD_RUNPATH_SEARCH_PATHS = (
					"$(inherited)",
					"@executable_path/Frameworks",
				);
				MARKETING_VERSION = 1.0;
				PRODUCT_BUNDLE_IDENTIFIER = "com.ivanbehichev.Delegate-Task-Four";
				PRODUCT_NAME = "$(TARGET_NAME)";
				SWIFT_EMIT_LOC_STRINGS = YES;
				SWIFT_VERSION = 5.0;
				TARGETED_DEVICE_FAMILY = "1,2";
			};
			name = Release;
		};
/* End XCBuildConfiguration section */

/* Begin XCConfigurationList section */
		230DECFB295A383C001F4D84 /* Build configuration list for PBXProject "Delegate Task Four" */ = {
			isa = XCConfigurationList;
			buildConfigurations = (
				230DED12295A383E001F4D84 /* Debug */,
				230DED13295A383E001F4D84 /* Release */,
			);
			defaultConfigurationIsVisible = 0;
			defaultConfigurationName = Release;
		};
		230DED14295A383E001F4D84 /* Build configuration list for PBXNativeTarget "Delegate Task Four" */ = {
			isa = XCConfigurationList;
			buildConfigurations = (
				230DED15295A383E001F4D84 /* Debug */,
				230DED16295A383E001F4D84 /* Release */,
			);
			defaultConfigurationIsVisible = 0;
			defaultConfigurationName = Release;
		};
/* End XCConfigurationList section */
	};
	rootObject = 230DECF8295A383C001F4D84 /* Project object */;
}
